
Microsoft Visual Studio Solution File, Format Version 12.00
# Visual Studio 15
VisualStudioVersion = 15.0.28010.2046
MinimumVisualStudioVersion = 10.0.40219.1
Project("{CC5FD16D-436D-48AD-A40C-5A424C6E3E79}") = "DCA_CloudMedAssignment", "DCA_CloudMedAssignment\DCA_CloudMedAssignment.ccproj", "{FEF310E3-9FED-46B8-B0E4-3C4F66B2FBB5}"
EndProject
Project("{FAE04EC0-301F-11D3-BF4B-00C04F79EFBC}") = "WebRole1", "WebRole1\WebRole1.csproj", "{29B8E760-7644-4BF8-899E-63101F4CD9A8}"
EndProject
Project("{FAE04EC0-301F-11D3-BF4B-00C04F79EFBC}") = "WorkerRole1", "WorkerRole1\WorkerRole1.csproj", "{C4A26A2E-6C8B-4307-BF4C-CAB6868B28F6}"
EndProject
Project("{FAE04EC0-301F-11D3-BF4B-00C04F79EFBC}") = "BrianWorkerRole", "BrianWorkerRole\BrianWorkerRole.csproj", "{8119C048-93AF-42C9-8034-7D2B40D78CF8}"
EndProject
Global
	GlobalSection(SolutionConfigurationPlatforms) = preSolution
		Debug|Any CPU = Debug|Any CPU
		Release|Any CPU = Release|Any CPU
	EndGlobalSection
	GlobalSection(ProjectConfigurationPlatforms) = postSolution
		{FEF310E3-9FED-46B8-B0E4-3C4F66B2FBB5}.Debug|Any CPU.ActiveCfg = Debug|Any CPU
		{FEF310E3-9FED-46B8-B0E4-3C4F66B2FBB5}.Debug|Any CPU.Build.0 = Debug|Any CPU
		{FEF310E3-9FED-46B8-B0E4-3C4F66B2FBB5}.Release|Any CPU.ActiveCfg = Release|Any CPU
		{FEF310E3-9FED-46B8-B0E4-3C4F66B2FBB5}.Release|Any CPU.Build.0 = Release|Any CPU
		{29B8E760-7644-4BF8-899E-63101F4CD9A8}.Debug|Any CPU.ActiveCfg = Debug|Any CPU
		{29B8E760-7644-4BF8-899E-63101F4CD9A8}.Debug|Any CPU.Build.0 = Debug|Any CPU
		{29B8E760-7644-4BF8-899E-63101F4CD9A8}.Release|Any CPU.ActiveCfg = Release|Any CPU
		{29B8E760-7644-4BF8-899E-63101F4CD9A8}.Release|Any CPU.Build.0 = Release|Any CPU
		{C4A26A2E-6C8B-4307-BF4C-CAB6868B28F6}.Debug|Any CPU.ActiveCfg = Debug|Any CPU
		{C4A26A2E-6C8B-4307-BF4C-CAB6868B28F6}.Debug|Any CPU.Build.0 = Debug|Any CPU
		{C4A26A2E-6C8B-4307-BF4C-CAB6868B28F6}.Release|Any CPU.ActiveCfg = Release|Any CPU
		{C4A26A2E-6C8B-4307-BF4C-CAB6868B28F6}.Release|Any CPU.Build.0 = Release|Any CPU
		{8119C048-93AF-42C9-8034-7D2B40D78CF8}.Debug|Any CPU.ActiveCfg = Debug|Any CPU
		{8119C048-93AF-42C9-8034-7D2B40D78CF8}.Debug|Any CPU.Build.0 = Debug|Any CPU
		{8119C048-93AF-42C9-8034-7D2B40D78CF8}.Release|Any CPU.ActiveCfg = Release|Any CPU
		{8119C048-93AF-42C9-8034-7D2B40D78CF8}.Release|Any CPU.Build.0 = Release|Any CPU
	EndGlobalSection
	GlobalSection(SolutionProperties) = preSolution
		HideSolutionNode = FALSE
	EndGlobalSection
	GlobalSection(ExtensibilityGlobals) = postSolution
		SolutionGuid = {2771AC3E-66A2-49E0-803C-5F912A3251B9}
	EndGlobalSection
EndGlobal
